{
  "requires": true,
  "lockfileVersion": 1,
  "dependencies": {
    "bulma-carousel": {
      "version": "4.0.24",
      "resolved": "https://registry.npmjs.org/bulma-carousel/-/bulma-carousel-4.0.24.tgz",
      "integrity": "sha512-DLYKmf/iHH8yAQSo8+O/cQvSVSAo15f+XmbiQvAvu5hUJs5O8I40RbZqrF9OougNs4n4JMokPEIBUiDGAsFuRA=="
    }
  }
}
