{
  "requires": true,
  "lockfileVersion": 1,
  "dependencies": {
    "bulma-carousel": {
      "version": "4.0.24",
      "resolved": "https://registry.npmjs.org/bulma-carousel/-/bulma-carousel-4.0.24.tgz",
      "integrity": "sha512-DLYKmf/iHH8yAQSo8+O/cQvSVSAo15f+XmbiQvAvu5hUJs5O8I40RbZqrF9OougNs4n4JMokPEIBUiDGAsFuRA=="
    },
    "jquery": {
      "version": "3.7.1",
      "resolved": "https://registry.npmjs.org/jquery/-/jquery-3.7.1.tgz",
      "integrity": "sha512-m4avr8yL8kmFN8psrbFFFmB/If14iN5o9nw/NgnnM+kybDJpRsAynV2BsfpTYrTRysYUdADVD7CkUUizgkpLfg=="
    }
  }
}
